
Microsoft Visual Studio Solution File, Format Version 12.00
# Visual Studio 15
VisualStudioVersion = 15.0.27703.2047
MinimumVisualStudioVersion = 10.0.40219.1
Project("{8BC9CEB8-8B4A-11D0-8D11-00A0C91BC942}") = "Loops", "Loops\Loops.vcxproj", "{738F9B56-2CED-4EA9-A51A-15A9CC68CEFF}"
EndProject
Project("{8BC9CEB8-8B4A-11D0-8D11-00A0C91BC942}") = "Variables", "Variables\Variables.vcxproj", "{C2ACA822-F0A9-4DF0-9A1E-256324696581}"
EndProject
Project("{8BC9CEB8-8B4A-11D0-8D11-00A0C91BC942}") = "Conditionals", "Conditionals\Conditionals.vcxproj", "{ADB22497-3F13-4386-85AC-CFF43D5DC590}"
EndProject
Project("{8BC9CEB8-8B4A-11D0-8D11-00A0C91BC942}") = "Functions", "Functions\Functions.vcxproj", "{2857DD93-4F6C-45BF-9885-E22674683FE8}"
EndProject
Project("{8BC9CEB8-8B4A-11D0-8D11-00A0C91BC942}") = "Arrays", "Arrays\Arrays.vcxproj", "{1D6C44B0-8B15-4274-8C1D-DDC9CBB7BFD1}"
EndProject
Project("{8BC9CEB8-8B4A-11D0-8D11-00A0C91BC942}") = "Structs", "Structs\Structs.vcxproj", "{8243AE55-5C51-4FA6-A6AD-047707CEA07C}"
EndProject
Project("{8BC9CEB8-8B4A-11D0-8D11-00A0C91BC942}") = "Basics_One", "Basics_One\Basics_One.vcxproj", "{D1D66544-B74C-4C90-B514-87A6C74CFED3}"
EndProject
Project("{8BC9CEB8-8B4A-11D0-8D11-00A0C91BC942}") = "PointersToMemory", "PointersToMemory\PointersToMemory.vcxproj", "{415C7A2C-53B9-4D64-8BC7-130FE941D64F}"
EndProject
Project("{8BC9CEB8-8B4A-11D0-8D11-00A0C91BC942}") = "DynamicArrays", "DynamicArrays\DynamicArrays.vcxproj", "{B3126C82-654B-441F-B097-EB1EF7E5C6E8}"
EndProject
Project("{8BC9CEB8-8B4A-11D0-8D11-00A0C91BC942}") = "References", "References\References.vcxproj", "{0D2F1AA2-5098-4E54-B0B8-0DCC1748271E}"
EndProject
Project("{8BC9CEB8-8B4A-11D0-8D11-00A0C91BC942}") = "C-Strings", "C-Strings\C-Strings.vcxproj", "{D59CE357-C136-42D4-B82F-4FCB567DCDAF}"
EndProject
Project("{8BC9CEB8-8B4A-11D0-8D11-00A0C91BC942}") = "STLstring", "STLstring\STLstring.vcxproj", "{04511FD7-3C14-4488-BA91-D1976629FA14}"
EndProject
Project("{8BC9CEB8-8B4A-11D0-8D11-00A0C91BC942}") = "HangMan", "HangMan\HangMan.vcxproj", "{8F1CA425-02D7-4412-A61D-0B0A797F8561}"
EndProject
Project("{8BC9CEB8-8B4A-11D0-8D11-00A0C91BC942}") = "ReviewTwo", "ReviewTwo\ReviewTwo.vcxproj", "{CE647985-5096-4DB8-B530-3F07286D8C93}"
EndProject
Project("{8BC9CEB8-8B4A-11D0-8D11-00A0C91BC942}") = "Debugging", "Debugging\Debugging.vcxproj", "{1DB009AB-3BCF-4D3D-8135-92562272E472}"
EndProject
Project("{8BC9CEB8-8B4A-11D0-8D11-00A0C91BC942}") = "TextFiles", "TextFiles\TextFiles.vcxproj", "{AF32AE01-1549-4364-B076-16440AFE983A}"
EndProject
Global
	GlobalSection(SolutionConfigurationPlatforms) = preSolution
		Debug|x64 = Debug|x64
		Debug|x86 = Debug|x86
		Release|x64 = Release|x64
		Release|x86 = Release|x86
	EndGlobalSection
	GlobalSection(ProjectConfigurationPlatforms) = postSolution
		{738F9B56-2CED-4EA9-A51A-15A9CC68CEFF}.Debug|x64.ActiveCfg = Debug|x64
		{738F9B56-2CED-4EA9-A51A-15A9CC68CEFF}.Debug|x64.Build.0 = Debug|x64
		{738F9B56-2CED-4EA9-A51A-15A9CC68CEFF}.Debug|x86.ActiveCfg = Debug|Win32
		{738F9B56-2CED-4EA9-A51A-15A9CC68CEFF}.Debug|x86.Build.0 = Debug|Win32
		{738F9B56-2CED-4EA9-A51A-15A9CC68CEFF}.Release|x64.ActiveCfg = Release|x64
		{738F9B56-2CED-4EA9-A51A-15A9CC68CEFF}.Release|x64.Build.0 = Release|x64
		{738F9B56-2CED-4EA9-A51A-15A9CC68CEFF}.Release|x86.ActiveCfg = Release|Win32
		{738F9B56-2CED-4EA9-A51A-15A9CC68CEFF}.Release|x86.Build.0 = Release|Win32
		{C2ACA822-F0A9-4DF0-9A1E-256324696581}.Debug|x64.ActiveCfg = Debug|x64
		{C2ACA822-F0A9-4DF0-9A1E-256324696581}.Debug|x64.Build.0 = Debug|x64
		{C2ACA822-F0A9-4DF0-9A1E-256324696581}.Debug|x86.ActiveCfg = Debug|Win32
		{C2ACA822-F0A9-4DF0-9A1E-256324696581}.Debug|x86.Build.0 = Debug|Win32
		{C2ACA822-F0A9-4DF0-9A1E-256324696581}.Release|x64.ActiveCfg = Release|x64
		{C2ACA822-F0A9-4DF0-9A1E-256324696581}.Release|x64.Build.0 = Release|x64
		{C2ACA822-F0A9-4DF0-9A1E-256324696581}.Release|x86.ActiveCfg = Release|Win32
		{C2ACA822-F0A9-4DF0-9A1E-256324696581}.Release|x86.Build.0 = Release|Win32
		{ADB22497-3F13-4386-85AC-CFF43D5DC590}.Debug|x64.ActiveCfg = Debug|x64
		{ADB22497-3F13-4386-85AC-CFF43D5DC590}.Debug|x64.Build.0 = Debug|x64
		{ADB22497-3F13-4386-85AC-CFF43D5DC590}.Debug|x86.ActiveCfg = Debug|Win32
		{ADB22497-3F13-4386-85AC-CFF43D5DC590}.Debug|x86.Build.0 = Debug|Win32
		{ADB22497-3F13-4386-85AC-CFF43D5DC590}.Release|x64.ActiveCfg = Release|x64
		{ADB22497-3F13-4386-85AC-CFF43D5DC590}.Release|x64.Build.0 = Release|x64
		{ADB22497-3F13-4386-85AC-CFF43D5DC590}.Release|x86.ActiveCfg = Release|Win32
		{ADB22497-3F13-4386-85AC-CFF43D5DC590}.Release|x86.Build.0 = Release|Win32
		{2857DD93-4F6C-45BF-9885-E22674683FE8}.Debug|x64.ActiveCfg = Debug|x64
		{2857DD93-4F6C-45BF-9885-E22674683FE8}.Debug|x64.Build.0 = Debug|x64
		{2857DD93-4F6C-45BF-9885-E22674683FE8}.Debug|x86.ActiveCfg = Debug|Win32
		{2857DD93-4F6C-45BF-9885-E22674683FE8}.Debug|x86.Build.0 = Debug|Win32
		{2857DD93-4F6C-45BF-9885-E22674683FE8}.Release|x64.ActiveCfg = Release|x64
		{2857DD93-4F6C-45BF-9885-E22674683FE8}.Release|x64.Build.0 = Release|x64
		{2857DD93-4F6C-45BF-9885-E22674683FE8}.Release|x86.ActiveCfg = Release|Win32
		{2857DD93-4F6C-45BF-9885-E22674683FE8}.Release|x86.Build.0 = Release|Win32
		{1D6C44B0-8B15-4274-8C1D-DDC9CBB7BFD1}.Debug|x64.ActiveCfg = Debug|x64
		{1D6C44B0-8B15-4274-8C1D-DDC9CBB7BFD1}.Debug|x64.Build.0 = Debug|x64
		{1D6C44B0-8B15-4274-8C1D-DDC9CBB7BFD1}.Debug|x86.ActiveCfg = Debug|Win32
		{1D6C44B0-8B15-4274-8C1D-DDC9CBB7BFD1}.Debug|x86.Build.0 = Debug|Win32
		{1D6C44B0-8B15-4274-8C1D-DDC9CBB7BFD1}.Release|x64.ActiveCfg = Release|x64
		{1D6C44B0-8B15-4274-8C1D-DDC9CBB7BFD1}.Release|x64.Build.0 = Release|x64
		{1D6C44B0-8B15-4274-8C1D-DDC9CBB7BFD1}.Release|x86.ActiveCfg = Release|Win32
		{1D6C44B0-8B15-4274-8C1D-DDC9CBB7BFD1}.Release|x86.Build.0 = Release|Win32
		{8243AE55-5C51-4FA6-A6AD-047707CEA07C}.Debug|x64.ActiveCfg = Debug|x64
		{8243AE55-5C51-4FA6-A6AD-047707CEA07C}.Debug|x64.Build.0 = Debug|x64
		{8243AE55-5C51-4FA6-A6AD-047707CEA07C}.Debug|x86.ActiveCfg = Debug|Win32
		{8243AE55-5C51-4FA6-A6AD-047707CEA07C}.Debug|x86.Build.0 = Debug|Win32
		{8243AE55-5C51-4FA6-A6AD-047707CEA07C}.Release|x64.ActiveCfg = Release|x64
		{8243AE55-5C51-4FA6-A6AD-047707CEA07C}.Release|x64.Build.0 = Release|x64
		{8243AE55-5C51-4FA6-A6AD-047707CEA07C}.Release|x86.ActiveCfg = Release|Win32
		{8243AE55-5C51-4FA6-A6AD-047707CEA07C}.Release|x86.Build.0 = Release|Win32
		{D1D66544-B74C-4C90-B514-87A6C74CFED3}.Debug|x64.ActiveCfg = Debug|x64
		{D1D66544-B74C-4C90-B514-87A6C74CFED3}.Debug|x64.Build.0 = Debug|x64
		{D1D66544-B74C-4C90-B514-87A6C74CFED3}.Debug|x86.ActiveCfg = Debug|Win32
		{D1D66544-B74C-4C90-B514-87A6C74CFED3}.Debug|x86.Build.0 = Debug|Win32
		{D1D66544-B74C-4C90-B514-87A6C74CFED3}.Release|x64.ActiveCfg = Release|x64
		{D1D66544-B74C-4C90-B514-87A6C74CFED3}.Release|x64.Build.0 = Release|x64
		{D1D66544-B74C-4C90-B514-87A6C74CFED3}.Release|x86.ActiveCfg = Release|Win32
		{D1D66544-B74C-4C90-B514-87A6C74CFED3}.Release|x86.Build.0 = Release|Win32
		{415C7A2C-53B9-4D64-8BC7-130FE941D64F}.Debug|x64.ActiveCfg = Debug|x64
		{415C7A2C-53B9-4D64-8BC7-130FE941D64F}.Debug|x64.Build.0 = Debug|x64
		{415C7A2C-53B9-4D64-8BC7-130FE941D64F}.Debug|x86.ActiveCfg = Debug|Win32
		{415C7A2C-53B9-4D64-8BC7-130FE941D64F}.Debug|x86.Build.0 = Debug|Win32
		{415C7A2C-53B9-4D64-8BC7-130FE941D64F}.Release|x64.ActiveCfg = Release|x64
		{415C7A2C-53B9-4D64-8BC7-130FE941D64F}.Release|x64.Build.0 = Release|x64
		{415C7A2C-53B9-4D64-8BC7-130FE941D64F}.Release|x86.ActiveCfg = Release|Win32
		{415C7A2C-53B9-4D64-8BC7-130FE941D64F}.Release|x86.Build.0 = Release|Win32
		{B3126C82-654B-441F-B097-EB1EF7E5C6E8}.Debug|x64.ActiveCfg = Debug|x64
		{B3126C82-654B-441F-B097-EB1EF7E5C6E8}.Debug|x64.Build.0 = Debug|x64
		{B3126C82-654B-441F-B097-EB1EF7E5C6E8}.Debug|x86.ActiveCfg = Debug|Win32
		{B3126C82-654B-441F-B097-EB1EF7E5C6E8}.Debug|x86.Build.0 = Debug|Win32
		{B3126C82-654B-441F-B097-EB1EF7E5C6E8}.Release|x64.ActiveCfg = Release|x64
		{B3126C82-654B-441F-B097-EB1EF7E5C6E8}.Release|x64.Build.0 = Release|x64
		{B3126C82-654B-441F-B097-EB1EF7E5C6E8}.Release|x86.ActiveCfg = Release|Win32
		{B3126C82-654B-441F-B097-EB1EF7E5C6E8}.Release|x86.Build.0 = Release|Win32
		{0D2F1AA2-5098-4E54-B0B8-0DCC1748271E}.Debug|x64.ActiveCfg = Debug|x64
		{0D2F1AA2-5098-4E54-B0B8-0DCC1748271E}.Debug|x64.Build.0 = Debug|x64
		{0D2F1AA2-5098-4E54-B0B8-0DCC1748271E}.Debug|x86.ActiveCfg = Debug|Win32
		{0D2F1AA2-5098-4E54-B0B8-0DCC1748271E}.Debug|x86.Build.0 = Debug|Win32
		{0D2F1AA2-5098-4E54-B0B8-0DCC1748271E}.Release|x64.ActiveCfg = Release|x64
		{0D2F1AA2-5098-4E54-B0B8-0DCC1748271E}.Release|x64.Build.0 = Release|x64
		{0D2F1AA2-5098-4E54-B0B8-0DCC1748271E}.Release|x86.ActiveCfg = Release|Win32
		{0D2F1AA2-5098-4E54-B0B8-0DCC1748271E}.Release|x86.Build.0 = Release|Win32
		{D59CE357-C136-42D4-B82F-4FCB567DCDAF}.Debug|x64.ActiveCfg = Debug|x64
		{D59CE357-C136-42D4-B82F-4FCB567DCDAF}.Debug|x64.Build.0 = Debug|x64
		{D59CE357-C136-42D4-B82F-4FCB567DCDAF}.Debug|x86.ActiveCfg = Debug|Win32
		{D59CE357-C136-42D4-B82F-4FCB567DCDAF}.Debug|x86.Build.0 = Debug|Win32
		{D59CE357-C136-42D4-B82F-4FCB567DCDAF}.Release|x64.ActiveCfg = Release|x64
		{D59CE357-C136-42D4-B82F-4FCB567DCDAF}.Release|x64.Build.0 = Release|x64
		{D59CE357-C136-42D4-B82F-4FCB567DCDAF}.Release|x86.ActiveCfg = Release|Win32
		{D59CE357-C136-42D4-B82F-4FCB567DCDAF}.Release|x86.Build.0 = Release|Win32
		{04511FD7-3C14-4488-BA91-D1976629FA14}.Debug|x64.ActiveCfg = Debug|x64
		{04511FD7-3C14-4488-BA91-D1976629FA14}.Debug|x64.Build.0 = Debug|x64
		{04511FD7-3C14-4488-BA91-D1976629FA14}.Debug|x86.ActiveCfg = Debug|Win32
		{04511FD7-3C14-4488-BA91-D1976629FA14}.Debug|x86.Build.0 = Debug|Win32
		{04511FD7-3C14-4488-BA91-D1976629FA14}.Release|x64.ActiveCfg = Release|x64
		{04511FD7-3C14-4488-BA91-D1976629FA14}.Release|x64.Build.0 = Release|x64
		{04511FD7-3C14-4488-BA91-D1976629FA14}.Release|x86.ActiveCfg = Release|Win32
		{04511FD7-3C14-4488-BA91-D1976629FA14}.Release|x86.Build.0 = Release|Win32
		{8F1CA425-02D7-4412-A61D-0B0A797F8561}.Debug|x64.ActiveCfg = Debug|x64
		{8F1CA425-02D7-4412-A61D-0B0A797F8561}.Debug|x64.Build.0 = Debug|x64
		{8F1CA425-02D7-4412-A61D-0B0A797F8561}.Debug|x86.ActiveCfg = Debug|Win32
		{8F1CA425-02D7-4412-A61D-0B0A797F8561}.Debug|x86.Build.0 = Debug|Win32
		{8F1CA425-02D7-4412-A61D-0B0A797F8561}.Release|x64.ActiveCfg = Release|x64
		{8F1CA425-02D7-4412-A61D-0B0A797F8561}.Release|x64.Build.0 = Release|x64
		{8F1CA425-02D7-4412-A61D-0B0A797F8561}.Release|x86.ActiveCfg = Release|Win32
		{8F1CA425-02D7-4412-A61D-0B0A797F8561}.Release|x86.Build.0 = Release|Win32
		{CE647985-5096-4DB8-B530-3F07286D8C93}.Debug|x64.ActiveCfg = Debug|x64
		{CE647985-5096-4DB8-B530-3F07286D8C93}.Debug|x64.Build.0 = Debug|x64
		{CE647985-5096-4DB8-B530-3F07286D8C93}.Debug|x86.ActiveCfg = Debug|Win32
		{CE647985-5096-4DB8-B530-3F07286D8C93}.Debug|x86.Build.0 = Debug|Win32
		{CE647985-5096-4DB8-B530-3F07286D8C93}.Release|x64.ActiveCfg = Release|x64
		{CE647985-5096-4DB8-B530-3F07286D8C93}.Release|x64.Build.0 = Release|x64
		{CE647985-5096-4DB8-B530-3F07286D8C93}.Release|x86.ActiveCfg = Release|Win32
		{CE647985-5096-4DB8-B530-3F07286D8C93}.Release|x86.Build.0 = Release|Win32
		{1DB009AB-3BCF-4D3D-8135-92562272E472}.Debug|x64.ActiveCfg = Debug|x64
		{1DB009AB-3BCF-4D3D-8135-92562272E472}.Debug|x64.Build.0 = Debug|x64
		{1DB009AB-3BCF-4D3D-8135-92562272E472}.Debug|x86.ActiveCfg = Debug|Win32
		{1DB009AB-3BCF-4D3D-8135-92562272E472}.Debug|x86.Build.0 = Debug|Win32
		{1DB009AB-3BCF-4D3D-8135-92562272E472}.Release|x64.ActiveCfg = Release|x64
		{1DB009AB-3BCF-4D3D-8135-92562272E472}.Release|x64.Build.0 = Release|x64
		{1DB009AB-3BCF-4D3D-8135-92562272E472}.Release|x86.ActiveCfg = Release|Win32
		{1DB009AB-3BCF-4D3D-8135-92562272E472}.Release|x86.Build.0 = Release|Win32
		{AF32AE01-1549-4364-B076-16440AFE983A}.Debug|x64.ActiveCfg = Debug|x64
		{AF32AE01-1549-4364-B076-16440AFE983A}.Debug|x64.Build.0 = Debug|x64
		{AF32AE01-1549-4364-B076-16440AFE983A}.Debug|x86.ActiveCfg = Debug|Win32
		{AF32AE01-1549-4364-B076-16440AFE983A}.Debug|x86.Build.0 = Debug|Win32
		{AF32AE01-1549-4364-B076-16440AFE983A}.Release|x64.ActiveCfg = Release|x64
		{AF32AE01-1549-4364-B076-16440AFE983A}.Release|x64.Build.0 = Release|x64
		{AF32AE01-1549-4364-B076-16440AFE983A}.Release|x86.ActiveCfg = Release|Win32
		{AF32AE01-1549-4364-B076-16440AFE983A}.Release|x86.Build.0 = Release|Win32
	EndGlobalSection
	GlobalSection(SolutionProperties) = preSolution
		HideSolutionNode = FALSE
	EndGlobalSection
	GlobalSection(ExtensibilityGlobals) = postSolution
		SolutionGuid = {72D42AE9-88B1-421C-A7F3-67057D612A50}
	EndGlobalSection
EndGlobal
