
Microsoft Visual Studio Solution File, Format Version 12.00
# Visual Studio 15
VisualStudioVersion = 15.0.27703.2047
MinimumVisualStudioVersion = 10.0.40219.1
Project("{8BC9CEB8-8B4A-11D0-8D11-00A0C91BC942}") = "Loops", "Loops\Loops.vcxproj", "{738F9B56-2CED-4EA9-A51A-15A9CC68CEFF}"
EndProject
Project("{8BC9CEB8-8B4A-11D0-8D11-00A0C91BC942}") = "Variables", "Variables\Variables.vcxproj", "{C2ACA822-F0A9-4DF0-9A1E-256324696581}"
EndProject
Project("{8BC9CEB8-8B4A-11D0-8D11-00A0C91BC942}") = "Conditionals", "Conditionals\Conditionals.vcxproj", "{ADB22497-3F13-4386-85AC-CFF43D5DC590}"
EndProject
Project("{8BC9CEB8-8B4A-11D0-8D11-00A0C91BC942}") = "Functions", "Functions\Functions.vcxproj", "{2857DD93-4F6C-45BF-9885-E22674683FE8}"
EndProject
Project("{8BC9CEB8-8B4A-11D0-8D11-00A0C91BC942}") = "Arrays", "Arrays\Arrays.vcxproj", "{1D6C44B0-8B15-4274-8C1D-DDC9CBB7BFD1}"
EndProject
Project("{8BC9CEB8-8B4A-11D0-8D11-00A0C91BC942}") = "Structs", "Structs\Structs.vcxproj", "{8243AE55-5C51-4FA6-A6AD-047707CEA07C}"
EndProject
Global
	GlobalSection(SolutionConfigurationPlatforms) = preSolution
		Debug|x64 = Debug|x64
		Debug|x86 = Debug|x86
		Release|x64 = Release|x64
		Release|x86 = Release|x86
	EndGlobalSection
	GlobalSection(ProjectConfigurationPlatforms) = postSolution
		{738F9B56-2CED-4EA9-A51A-15A9CC68CEFF}.Debug|x64.ActiveCfg = Debug|x64
		{738F9B56-2CED-4EA9-A51A-15A9CC68CEFF}.Debug|x64.Build.0 = Debug|x64
		{738F9B56-2CED-4EA9-A51A-15A9CC68CEFF}.Debug|x86.ActiveCfg = Debug|Win32
		{738F9B56-2CED-4EA9-A51A-15A9CC68CEFF}.Debug|x86.Build.0 = Debug|Win32
		{738F9B56-2CED-4EA9-A51A-15A9CC68CEFF}.Release|x64.ActiveCfg = Release|x64
		{738F9B56-2CED-4EA9-A51A-15A9CC68CEFF}.Release|x64.Build.0 = Release|x64
		{738F9B56-2CED-4EA9-A51A-15A9CC68CEFF}.Release|x86.ActiveCfg = Release|Win32
		{738F9B56-2CED-4EA9-A51A-15A9CC68CEFF}.Release|x86.Build.0 = Release|Win32
		{C2ACA822-F0A9-4DF0-9A1E-256324696581}.Debug|x64.ActiveCfg = Debug|x64
		{C2ACA822-F0A9-4DF0-9A1E-256324696581}.Debug|x64.Build.0 = Debug|x64
		{C2ACA822-F0A9-4DF0-9A1E-256324696581}.Debug|x86.ActiveCfg = Debug|Win32
		{C2ACA822-F0A9-4DF0-9A1E-256324696581}.Debug|x86.Build.0 = Debug|Win32
		{C2ACA822-F0A9-4DF0-9A1E-256324696581}.Release|x64.ActiveCfg = Release|x64
		{C2ACA822-F0A9-4DF0-9A1E-256324696581}.Release|x64.Build.0 = Release|x64
		{C2ACA822-F0A9-4DF0-9A1E-256324696581}.Release|x86.ActiveCfg = Release|Win32
		{C2ACA822-F0A9-4DF0-9A1E-256324696581}.Release|x86.Build.0 = Release|Win32
		{ADB22497-3F13-4386-85AC-CFF43D5DC590}.Debug|x64.ActiveCfg = Debug|x64
		{ADB22497-3F13-4386-85AC-CFF43D5DC590}.Debug|x64.Build.0 = Debug|x64
		{ADB22497-3F13-4386-85AC-CFF43D5DC590}.Debug|x86.ActiveCfg = Debug|Win32
		{ADB22497-3F13-4386-85AC-CFF43D5DC590}.Debug|x86.Build.0 = Debug|Win32
		{ADB22497-3F13-4386-85AC-CFF43D5DC590}.Release|x64.ActiveCfg = Release|x64
		{ADB22497-3F13-4386-85AC-CFF43D5DC590}.Release|x64.Build.0 = Release|x64
		{ADB22497-3F13-4386-85AC-CFF43D5DC590}.Release|x86.ActiveCfg = Release|Win32
		{ADB22497-3F13-4386-85AC-CFF43D5DC590}.Release|x86.Build.0 = Release|Win32
		{2857DD93-4F6C-45BF-9885-E22674683FE8}.Debug|x64.ActiveCfg = Debug|x64
		{2857DD93-4F6C-45BF-9885-E22674683FE8}.Debug|x64.Build.0 = Debug|x64
		{2857DD93-4F6C-45BF-9885-E22674683FE8}.Debug|x86.ActiveCfg = Debug|Win32
		{2857DD93-4F6C-45BF-9885-E22674683FE8}.Debug|x86.Build.0 = Debug|Win32
		{2857DD93-4F6C-45BF-9885-E22674683FE8}.Release|x64.ActiveCfg = Release|x64
		{2857DD93-4F6C-45BF-9885-E22674683FE8}.Release|x64.Build.0 = Release|x64
		{2857DD93-4F6C-45BF-9885-E22674683FE8}.Release|x86.ActiveCfg = Release|Win32
		{2857DD93-4F6C-45BF-9885-E22674683FE8}.Release|x86.Build.0 = Release|Win32
		{1D6C44B0-8B15-4274-8C1D-DDC9CBB7BFD1}.Debug|x64.ActiveCfg = Debug|x64
		{1D6C44B0-8B15-4274-8C1D-DDC9CBB7BFD1}.Debug|x64.Build.0 = Debug|x64
		{1D6C44B0-8B15-4274-8C1D-DDC9CBB7BFD1}.Debug|x86.ActiveCfg = Debug|Win32
		{1D6C44B0-8B15-4274-8C1D-DDC9CBB7BFD1}.Debug|x86.Build.0 = Debug|Win32
		{1D6C44B0-8B15-4274-8C1D-DDC9CBB7BFD1}.Release|x64.ActiveCfg = Release|x64
		{1D6C44B0-8B15-4274-8C1D-DDC9CBB7BFD1}.Release|x64.Build.0 = Release|x64
		{1D6C44B0-8B15-4274-8C1D-DDC9CBB7BFD1}.Release|x86.ActiveCfg = Release|Win32
		{1D6C44B0-8B15-4274-8C1D-DDC9CBB7BFD1}.Release|x86.Build.0 = Release|Win32
		{8243AE55-5C51-4FA6-A6AD-047707CEA07C}.Debug|x64.ActiveCfg = Debug|x64
		{8243AE55-5C51-4FA6-A6AD-047707CEA07C}.Debug|x64.Build.0 = Debug|x64
		{8243AE55-5C51-4FA6-A6AD-047707CEA07C}.Debug|x86.ActiveCfg = Debug|Win32
		{8243AE55-5C51-4FA6-A6AD-047707CEA07C}.Debug|x86.Build.0 = Debug|Win32
		{8243AE55-5C51-4FA6-A6AD-047707CEA07C}.Release|x64.ActiveCfg = Release|x64
		{8243AE55-5C51-4FA6-A6AD-047707CEA07C}.Release|x64.Build.0 = Release|x64
		{8243AE55-5C51-4FA6-A6AD-047707CEA07C}.Release|x86.ActiveCfg = Release|Win32
		{8243AE55-5C51-4FA6-A6AD-047707CEA07C}.Release|x86.Build.0 = Release|Win32
	EndGlobalSection
	GlobalSection(SolutionProperties) = preSolution
		HideSolutionNode = FALSE
	EndGlobalSection
	GlobalSection(ExtensibilityGlobals) = postSolution
		SolutionGuid = {72D42AE9-88B1-421C-A7F3-67057D612A50}
	EndGlobalSection
EndGlobal
